
Microsoft Visual Studio Solution File, Format Version 12.00
# Visual Studio Version 17
VisualStudioVersion = 17.0.31903.59
MinimumVisualStudioVersion = 10.0.40219.1
Project("{FAE04EC0-301F-11D3-BF4B-00C04F79EFBC}") = "CrmApp.API", "CrmApp.API\CrmApp.API.csproj", "{EA55D341-00E1-4AAA-83DF-CF5F1EB8F82B}"
EndProject
Project("{FAE04EC0-301F-11D3-BF4B-00C04F79EFBC}") = "CrmApp.Core", "CrmApp.Core\CrmApp.Core.csproj", "{8685B924-7400-4272-B690-9C40FECD8941}"
EndProject
Project("{FAE04EC0-301F-11D3-BF4B-00C04F79EFBC}") = "CrmApp.Application", "CrmApp.Application\CrmApp.Application.csproj", "{5B31C361-0146-4E88-8B74-43A7E3982C21}"
EndProject
Project("{FAE04EC0-301F-11D3-BF4B-00C04F79EFBC}") = "CrmApp.Infrastructure", "CrmApp.Infrastructure\CrmApp.Infrastructure.csproj", "{8EA621D8-40F9-4020-B657-5ABE9EBDFB1C}"
EndProject
Project("{FAE04EC0-301F-11D3-BF4B-00C04F79EFBC}") = "CrmApp.Domain", "CrmApp.Domain\CrmApp.Domain.csproj", "{A23BF2DE-A06B-4DF8-B451-0D38583F93E7}"
EndProject
Project("{2150E333-8FDC-42A3-9474-1A3956D46DE8}") = "tests", "tests", "{0F590FDE-F985-47B0-A08C-357B791AE329}"
EndProject
Project("{FAE04EC0-301F-11D3-BF4B-00C04F79EFBC}") = "CrmApp.UnitTests", "tests\CrmApp.UnitTests\CrmApp.UnitTests.csproj", "{F07E2CA6-F0EC-4507-AA71-95B51D099EA1}"
EndProject
Project("{FAE04EC0-301F-11D3-BF4B-00C04F79EFBC}") = "CrmApp.IntegrationTests", "tests\CrmApp.IntegrationTests\CrmApp.IntegrationTests.csproj", "{D8CB3D95-65B4-4763-BF30-050ED3B358AB}"
EndProject
Global
	GlobalSection(SolutionConfigurationPlatforms) = preSolution
		Debug|Any CPU = Debug|Any CPU
		Release|Any CPU = Release|Any CPU
	EndGlobalSection
	GlobalSection(SolutionProperties) = preSolution
		HideSolutionNode = FALSE
	EndGlobalSection
	GlobalSection(ProjectConfigurationPlatforms) = postSolution
		{EA55D341-00E1-4AAA-83DF-CF5F1EB8F82B}.Debug|Any CPU.ActiveCfg = Debug|Any CPU
		{EA55D341-00E1-4AAA-83DF-CF5F1EB8F82B}.Debug|Any CPU.Build.0 = Debug|Any CPU
		{EA55D341-00E1-4AAA-83DF-CF5F1EB8F82B}.Release|Any CPU.ActiveCfg = Release|Any CPU
		{EA55D341-00E1-4AAA-83DF-CF5F1EB8F82B}.Release|Any CPU.Build.0 = Release|Any CPU
		{8685B924-7400-4272-B690-9C40FECD8941}.Debug|Any CPU.ActiveCfg = Debug|Any CPU
		{8685B924-7400-4272-B690-9C40FECD8941}.Debug|Any CPU.Build.0 = Debug|Any CPU
		{8685B924-7400-4272-B690-9C40FECD8941}.Release|Any CPU.ActiveCfg = Release|Any CPU
		{8685B924-7400-4272-B690-9C40FECD8941}.Release|Any CPU.Build.0 = Release|Any CPU
		{5B31C361-0146-4E88-8B74-43A7E3982C21}.Debug|Any CPU.ActiveCfg = Debug|Any CPU
		{5B31C361-0146-4E88-8B74-43A7E3982C21}.Debug|Any CPU.Build.0 = Debug|Any CPU
		{5B31C361-0146-4E88-8B74-43A7E3982C21}.Release|Any CPU.ActiveCfg = Release|Any CPU
		{5B31C361-0146-4E88-8B74-43A7E3982C21}.Release|Any CPU.Build.0 = Release|Any CPU
		{8EA621D8-40F9-4020-B657-5ABE9EBDFB1C}.Debug|Any CPU.ActiveCfg = Debug|Any CPU
		{8EA621D8-40F9-4020-B657-5ABE9EBDFB1C}.Debug|Any CPU.Build.0 = Debug|Any CPU
		{8EA621D8-40F9-4020-B657-5ABE9EBDFB1C}.Release|Any CPU.ActiveCfg = Release|Any CPU
		{8EA621D8-40F9-4020-B657-5ABE9EBDFB1C}.Release|Any CPU.Build.0 = Release|Any CPU
		{A23BF2DE-A06B-4DF8-B451-0D38583F93E7}.Debug|Any CPU.ActiveCfg = Debug|Any CPU
		{A23BF2DE-A06B-4DF8-B451-0D38583F93E7}.Debug|Any CPU.Build.0 = Debug|Any CPU
		{A23BF2DE-A06B-4DF8-B451-0D38583F93E7}.Release|Any CPU.ActiveCfg = Release|Any CPU
		{A23BF2DE-A06B-4DF8-B451-0D38583F93E7}.Release|Any CPU.Build.0 = Release|Any CPU
		{F07E2CA6-F0EC-4507-AA71-95B51D099EA1}.Debug|Any CPU.ActiveCfg = Debug|Any CPU
		{F07E2CA6-F0EC-4507-AA71-95B51D099EA1}.Debug|Any CPU.Build.0 = Debug|Any CPU
		{F07E2CA6-F0EC-4507-AA71-95B51D099EA1}.Release|Any CPU.ActiveCfg = Release|Any CPU
		{F07E2CA6-F0EC-4507-AA71-95B51D099EA1}.Release|Any CPU.Build.0 = Release|Any CPU
		{D8CB3D95-65B4-4763-BF30-050ED3B358AB}.Debug|Any CPU.ActiveCfg = Debug|Any CPU
		{D8CB3D95-65B4-4763-BF30-050ED3B358AB}.Debug|Any CPU.Build.0 = Debug|Any CPU
		{D8CB3D95-65B4-4763-BF30-050ED3B358AB}.Release|Any CPU.ActiveCfg = Release|Any CPU
		{D8CB3D95-65B4-4763-BF30-050ED3B358AB}.Release|Any CPU.Build.0 = Release|Any CPU
	EndGlobalSection
	GlobalSection(NestedProjects) = preSolution
		{F07E2CA6-F0EC-4507-AA71-95B51D099EA1} = {0F590FDE-F985-47B0-A08C-357B791AE329}
		{D8CB3D95-65B4-4763-BF30-050ED3B358AB} = {0F590FDE-F985-47B0-A08C-357B791AE329}
	EndGlobalSection
EndGlobal
